
Microsoft Visual Studio Solution File, Format Version 12.00
# Visual Studio Version 17
VisualStudioVersion = 17.3.32922.545
MinimumVisualStudioVersion = 10.0.40219.1
Project("{9A19103F-16F7-4668-BE54-9A1E7A4F7556}") = "Oscar_Bergling_MenySystem", "Oscar_Bergling_MenySystem.csproj", "{DD940A1E-F59B-462D-BF5B-232D64312B7D}"
EndProject
Global
	GlobalSection(SolutionConfigurationPlatforms) = preSolution
		Debug|Any CPU = Debug|Any CPU
		Release|Any CPU = Release|Any CPU
	EndGlobalSection
	GlobalSection(ProjectConfigurationPlatforms) = postSolution
		{DD940A1E-F59B-462D-BF5B-232D64312B7D}.Debug|Any CPU.ActiveCfg = Debug|Any CPU
		{DD940A1E-F59B-462D-BF5B-232D64312B7D}.Debug|Any CPU.Build.0 = Debug|Any CPU
		{DD940A1E-F59B-462D-BF5B-232D64312B7D}.Release|Any CPU.ActiveCfg = Release|Any CPU
		{DD940A1E-F59B-462D-BF5B-232D64312B7D}.Release|Any CPU.Build.0 = Release|Any CPU
	EndGlobalSection
	GlobalSection(SolutionProperties) = preSolution
		HideSolutionNode = FALSE
	EndGlobalSection
	GlobalSection(ExtensibilityGlobals) = postSolution
		SolutionGuid = {ED9D6FB0-4F75-4D2F-B9D8-756866948FA2}
	EndGlobalSection
EndGlobal
